
Microsoft Visual Studio Solution File, Format Version 12.00
# Visual Studio Version 16
VisualStudioVersion = 16.0.31613.86
MinimumVisualStudioVersion = 10.0.40219.1
Project("{FAE04EC0-301F-11D3-BF4B-00C04F79EFBC}") = "1911166_Lab02", "1911166_Lab02\1911166_Lab02.csproj", "{232D9E88-7E4C-43CC-B18C-B0D287A1AABE}"
EndProject
Global
	GlobalSection(SolutionConfigurationPlatforms) = preSolution
		Debug|Any CPU = Debug|Any CPU
		Release|Any CPU = Release|Any CPU
	EndGlobalSection
	GlobalSection(ProjectConfigurationPlatforms) = postSolution
		{232D9E88-7E4C-43CC-B18C-B0D287A1AABE}.Debug|Any CPU.ActiveCfg = Debug|Any CPU
		{232D9E88-7E4C-43CC-B18C-B0D287A1AABE}.Debug|Any CPU.Build.0 = Debug|Any CPU
		{232D9E88-7E4C-43CC-B18C-B0D287A1AABE}.Release|Any CPU.ActiveCfg = Release|Any CPU
		{232D9E88-7E4C-43CC-B18C-B0D287A1AABE}.Release|Any CPU.Build.0 = Release|Any CPU
	EndGlobalSection
	GlobalSection(SolutionProperties) = preSolution
		HideSolutionNode = FALSE
	EndGlobalSection
	GlobalSection(ExtensibilityGlobals) = postSolution
		SolutionGuid = {4EEF002D-2102-4163-B5E1-651805A648A7}
	EndGlobalSection
EndGlobal
