
Microsoft Visual Studio Solution File, Format Version 12.00
# Visual Studio Version 16
VisualStudioVersion = 16.0.31613.86
MinimumVisualStudioVersion = 10.0.40219.1
Project("{FAE04EC0-301F-11D3-BF4B-00C04F79EFBC}") = "1911166_LabKTGiuaKi", "1911166_LabKTGiuaKi\1911166_LabKTGiuaKi.csproj", "{5B491946-7873-4502-BCF1-4A9E3974BAB1}"
EndProject
Global
	GlobalSection(SolutionConfigurationPlatforms) = preSolution
		Debug|Any CPU = Debug|Any CPU
		Release|Any CPU = Release|Any CPU
	EndGlobalSection
	GlobalSection(ProjectConfigurationPlatforms) = postSolution
		{5B491946-7873-4502-BCF1-4A9E3974BAB1}.Debug|Any CPU.ActiveCfg = Debug|Any CPU
		{5B491946-7873-4502-BCF1-4A9E3974BAB1}.Debug|Any CPU.Build.0 = Debug|Any CPU
		{5B491946-7873-4502-BCF1-4A9E3974BAB1}.Release|Any CPU.ActiveCfg = Release|Any CPU
		{5B491946-7873-4502-BCF1-4A9E3974BAB1}.Release|Any CPU.Build.0 = Release|Any CPU
	EndGlobalSection
	GlobalSection(SolutionProperties) = preSolution
		HideSolutionNode = FALSE
	EndGlobalSection
	GlobalSection(ExtensibilityGlobals) = postSolution
		SolutionGuid = {79D8D0EE-16BB-4F7F-AFD2-4234D54DA453}
	EndGlobalSection
EndGlobal
